
Microsoft Visual Studio Solution File, Format Version 12.00
# Visual Studio Version 16
VisualStudioVersion = 16.0.30611.23
MinimumVisualStudioVersion = 10.0.40219.1
Project("{FAE04EC0-301F-11D3-BF4B-00C04F79EFBC}") = "AzureBlobService", "AzureBlobService.csproj", "{39B5D3DC-7767-42FC-87FF-D69B4957BDD4}"
EndProject
Project("{2150E333-8FDC-42A3-9474-1A3956D46DE8}") = "Core", "Core", "{CE052940-C4B4-458B-9928-FD571A65CF25}"
EndProject
Project("{FAE04EC0-301F-11D3-BF4B-00C04F79EFBC}") = "DependencyResolution", "..\DependencyResolution\DependencyResolution.csproj", "{10B8E258-9425-4D9B-B704-8B307B3965BA}"
EndProject
Global
	GlobalSection(SolutionConfigurationPlatforms) = preSolution
		Debug|Any CPU = Debug|Any CPU
		Release|Any CPU = Release|Any CPU
	EndGlobalSection
	GlobalSection(ProjectConfigurationPlatforms) = postSolution
		{39B5D3DC-7767-42FC-87FF-D69B4957BDD4}.Debug|Any CPU.ActiveCfg = Debug|Any CPU
		{39B5D3DC-7767-42FC-87FF-D69B4957BDD4}.Debug|Any CPU.Build.0 = Debug|Any CPU
		{39B5D3DC-7767-42FC-87FF-D69B4957BDD4}.Release|Any CPU.ActiveCfg = Release|Any CPU
		{39B5D3DC-7767-42FC-87FF-D69B4957BDD4}.Release|Any CPU.Build.0 = Release|Any CPU
		{10B8E258-9425-4D9B-B704-8B307B3965BA}.Debug|Any CPU.ActiveCfg = Debug|Any CPU
		{10B8E258-9425-4D9B-B704-8B307B3965BA}.Debug|Any CPU.Build.0 = Debug|Any CPU
		{10B8E258-9425-4D9B-B704-8B307B3965BA}.Release|Any CPU.ActiveCfg = Release|Any CPU
		{10B8E258-9425-4D9B-B704-8B307B3965BA}.Release|Any CPU.Build.0 = Release|Any CPU
	EndGlobalSection
	GlobalSection(SolutionProperties) = preSolution
		HideSolutionNode = FALSE
	EndGlobalSection
	GlobalSection(NestedProjects) = preSolution
		{10B8E258-9425-4D9B-B704-8B307B3965BA} = {CE052940-C4B4-458B-9928-FD571A65CF25}
	EndGlobalSection
	GlobalSection(ExtensibilityGlobals) = postSolution
		SolutionGuid = {061A8BCB-1504-4F76-97E8-9A0DE4B63942}
	EndGlobalSection
EndGlobal
